
Microsoft Visual Studio Solution File, Format Version 12.00
# Visual Studio Version 17
VisualStudioVersion = 17.11.35208.52
MinimumVisualStudioVersion = 10.0.40219.1
Project("{FAE04EC0-301F-11D3-BF4B-00C04F79EFBC}") = "SafeInventory", "SafeInventory\SafeInventory.csproj", "{0F5E48A4-4077-45D9-911E-9C080EC4CDCF}"
EndProject
Global
	GlobalSection(SolutionConfigurationPlatforms) = preSolution
		Debug|Any CPU = Debug|Any CPU
		Release|Any CPU = Release|Any CPU
	EndGlobalSection
	GlobalSection(ProjectConfigurationPlatforms) = postSolution
		{0F5E48A4-4077-45D9-911E-9C080EC4CDCF}.Debug|Any CPU.ActiveCfg = Debug|Any CPU
		{0F5E48A4-4077-45D9-911E-9C080EC4CDCF}.Debug|Any CPU.Build.0 = Debug|Any CPU
		{0F5E48A4-4077-45D9-911E-9C080EC4CDCF}.Release|Any CPU.ActiveCfg = Release|Any CPU
		{0F5E48A4-4077-45D9-911E-9C080EC4CDCF}.Release|Any CPU.Build.0 = Release|Any CPU
	EndGlobalSection
	GlobalSection(SolutionProperties) = preSolution
		HideSolutionNode = FALSE
	EndGlobalSection
	GlobalSection(ExtensibilityGlobals) = postSolution
		SolutionGuid = {16CBD2D9-5A1E-4CF3-AEAB-CC743D2B6DCF}
	EndGlobalSection
EndGlobal
